Microsoft Visual Studio Solution File, Format Version 12.00
# Visual Studio Version 17
VisualStudioVersion = 17.5.2.0
MinimumVisualStudioVersion = 10.0.40219.1
Project("{FAE04EC0-301F-11D3-BF4B-00C04F79EFBC}") = "Blogdemo", "Blogdemo.csproj", "{0EE4857E-6129-C2D3-BB12-F6399736BAC8}"
EndProject
Global
	GlobalSection(SolutionConfigurationPlatforms) = preSolution
		Debug|Any CPU = Debug|Any CPU
		Release|Any CPU = Release|Any CPU
	EndGlobalSection
	GlobalSection(ProjectConfigurationPlatforms) = postSolution
		{0EE4857E-6129-C2D3-BB12-F6399736BAC8}.Debug|Any CPU.ActiveCfg = Debug|Any CPU
		{0EE4857E-6129-C2D3-BB12-F6399736BAC8}.Debug|Any CPU.Build.0 = Debug|Any CPU
		{0EE4857E-6129-C2D3-BB12-F6399736BAC8}.Release|Any CPU.ActiveCfg = Release|Any CPU
		{0EE4857E-6129-C2D3-BB12-F6399736BAC8}.Release|Any CPU.Build.0 = Release|Any CPU
	EndGlobalSection
	GlobalSection(SolutionProperties) = preSolution
		HideSolutionNode = FALSE
	EndGlobalSection
	GlobalSection(ExtensibilityGlobals) = postSolution
		SolutionGuid = {171BAE32-19F7-4786-9591-3DAD3E7A67FD}
	EndGlobalSection
EndGlobal
